
Microsoft Visual Studio Solution File, Format Version 12.00
# Visual Studio Version 17
VisualStudioVersion = 17.8.34330.188
MinimumVisualStudioVersion = 10.0.40219.1
Project("{9A19103F-16F7-4668-BE54-9A1E7A4F7556}") = "AdaptClientProjectApi", "AdaptClientProjectApi.csproj", "{6EA85B2E-8D37-4EC6-A9C8-D8AA453A29C6}"
EndProject
Project("{9A19103F-16F7-4668-BE54-9A1E7A4F7556}") = "DisplayClientAnalysisApp", "..\DisplayClientAnalysisApp\DisplayClientAnalysisApp.csproj", "{818ABC79-1793-45DC-AA85-267F1570BD04}"
EndProject
Project("{FAE04EC0-301F-11D3-BF4B-00C04F79EFBC}") = "CapturingDetailsApp", "..\CapturingDetailsApp\CapturingDetailsApp.csproj", "{FAF37DBC-9CA2-4533-B9DB-0C109CAFF1F7}"
EndProject
Global
	GlobalSection(SolutionConfigurationPlatforms) = preSolution
		Debug|Any CPU = Debug|Any CPU
		Release|Any CPU = Release|Any CPU
	EndGlobalSection
	GlobalSection(ProjectConfigurationPlatforms) = postSolution
		{6EA85B2E-8D37-4EC6-A9C8-D8AA453A29C6}.Debug|Any CPU.ActiveCfg = Debug|Any CPU
		{6EA85B2E-8D37-4EC6-A9C8-D8AA453A29C6}.Debug|Any CPU.Build.0 = Debug|Any CPU
		{6EA85B2E-8D37-4EC6-A9C8-D8AA453A29C6}.Release|Any CPU.ActiveCfg = Release|Any CPU
		{6EA85B2E-8D37-4EC6-A9C8-D8AA453A29C6}.Release|Any CPU.Build.0 = Release|Any CPU
		{818ABC79-1793-45DC-AA85-267F1570BD04}.Debug|Any CPU.ActiveCfg = Debug|Any CPU
		{818ABC79-1793-45DC-AA85-267F1570BD04}.Debug|Any CPU.Build.0 = Debug|Any CPU
		{818ABC79-1793-45DC-AA85-267F1570BD04}.Release|Any CPU.ActiveCfg = Release|Any CPU
		{818ABC79-1793-45DC-AA85-267F1570BD04}.Release|Any CPU.Build.0 = Release|Any CPU
		{FAF37DBC-9CA2-4533-B9DB-0C109CAFF1F7}.Debug|Any CPU.ActiveCfg = Debug|Any CPU
		{FAF37DBC-9CA2-4533-B9DB-0C109CAFF1F7}.Debug|Any CPU.Build.0 = Debug|Any CPU
		{FAF37DBC-9CA2-4533-B9DB-0C109CAFF1F7}.Release|Any CPU.ActiveCfg = Release|Any CPU
		{FAF37DBC-9CA2-4533-B9DB-0C109CAFF1F7}.Release|Any CPU.Build.0 = Release|Any CPU
	EndGlobalSection
	GlobalSection(SolutionProperties) = preSolution
		HideSolutionNode = FALSE
	EndGlobalSection
	GlobalSection(ExtensibilityGlobals) = postSolution
		SolutionGuid = {0D7F100A-B4AE-4835-BCEB-0702A465A8F6}
	EndGlobalSection
EndGlobal
